
Microsoft Visual Studio Solution File, Format Version 12.00
# Visual Studio Version 17
VisualStudioVersion = 17.0.31912.275
MinimumVisualStudioVersion = 10.0.40219.1
Project("{FAE04EC0-301F-11D3-BF4B-00C04F79EFBC}") = "Poznaj_Europe", "Poznaj_Europe.csproj", "{1FCB96BF-EF01-42C7-8BAE-7A53F5AC2AF7}"
EndProject
Global
	GlobalSection(SolutionConfigurationPlatforms) = preSolution
		Debug|Any CPU = Debug|Any CPU
		Release|Any CPU = Release|Any CPU
	EndGlobalSection
	GlobalSection(ProjectConfigurationPlatforms) = postSolution
		{1FCB96BF-EF01-42C7-8BAE-7A53F5AC2AF7}.Debug|Any CPU.ActiveCfg = Debug|Any CPU
		{1FCB96BF-EF01-42C7-8BAE-7A53F5AC2AF7}.Debug|Any CPU.Build.0 = Debug|Any CPU
		{1FCB96BF-EF01-42C7-8BAE-7A53F5AC2AF7}.Release|Any CPU.ActiveCfg = Release|Any CPU
		{1FCB96BF-EF01-42C7-8BAE-7A53F5AC2AF7}.Release|Any CPU.Build.0 = Release|Any CPU
	EndGlobalSection
	GlobalSection(SolutionProperties) = preSolution
		HideSolutionNode = FALSE
	EndGlobalSection
	GlobalSection(ExtensibilityGlobals) = postSolution
		SolutionGuid = {8F0481C1-9FE1-4AB8-8102-A64563649AF9}
	EndGlobalSection
EndGlobal
